
Microsoft Visual Studio Solution File, Format Version 12.00
# Visual Studio Version 17
VisualStudioVersion = 17.13.35913.81 d17.13
MinimumVisualStudioVersion = 10.0.40219.1
Project("{FAE04EC0-301F-11D3-BF4B-00C04F79EFBC}") = "ExClasses", "ExClasses\ExClasses.csproj", "{08A8651F-BAF6-407B-8B50-6C672C82B495}"
EndProject
Global
	GlobalSection(SolutionConfigurationPlatforms) = preSolution
		Debug|Any CPU = Debug|Any CPU
		Release|Any CPU = Release|Any CPU
	EndGlobalSection
	GlobalSection(ProjectConfigurationPlatforms) = postSolution
		{08A8651F-BAF6-407B-8B50-6C672C82B495}.Debug|Any CPU.ActiveCfg = Debug|Any CPU
		{08A8651F-BAF6-407B-8B50-6C672C82B495}.Debug|Any CPU.Build.0 = Debug|Any CPU
		{08A8651F-BAF6-407B-8B50-6C672C82B495}.Release|Any CPU.ActiveCfg = Release|Any CPU
		{08A8651F-BAF6-407B-8B50-6C672C82B495}.Release|Any CPU.Build.0 = Release|Any CPU
	EndGlobalSection
	GlobalSection(SolutionProperties) = preSolution
		HideSolutionNode = FALSE
	EndGlobalSection
	GlobalSection(ExtensibilityGlobals) = postSolution
		SolutionGuid = {8D9FCC5E-2C20-4A67-B3DE-56E6B4360C83}
	EndGlobalSection
EndGlobal
